// !$*UTF8*$!
{
	archiveVersion = 1;
	classes = {
	};
	objectVersion = 50;
	objects = {

/* Begin PBXBuildFile section */
		93E7777826CAFEB600AF1502 /* AppDelegate.swift in Sources */ = {isa = PBXBuildFile; fileRef = 93E7777726CAFEB600AF1502 /* AppDelegate.swift */; };
		93E7777A26CAFEB600AF1502 /* SceneDelegate.swift in Sources */ = {isa = PBXBuildFile; fileRef = 93E7777926CAFEB600AF1502 /* SceneDelegate.swift */; };
		93E7777C26CAFEB600AF1502 /* ViewController.swift in Sources */ = {isa = PBXBuildFile; fileRef = 93E7777B26CAFEB600AF1502 /* ViewController.swift */; };
		93E7777F26CAFEB600AF1502 /* Main.storyboard in Resources */ = {isa = PBXBuildFile; fileRef = 93E7777D26CAFEB600AF1502 /* Main.storyboard */; };
		93E7778126CAFEB800AF1502 /* Assets.xcassets in Resources */ = {isa = PBXBuildFile; fileRef = 93E7778026CAFEB800AF1502 /* Assets.xcassets */; };
		93E7778426CAFEB800AF1502 /* LaunchScreen.storyboard in Resources */ = {isa = PBXBuildFile; fileRef = 93E7778226CAFEB800AF1502 /* LaunchScreen.storyboard */; };
		93E777B926CC0E9C00AF1502 /* DataSource.swift in Sources */ = {isa = PBXBuildFile; fileRef = 93E777B826CC0E9C00AF1502 /* DataSource.swift */; };
		93E777C926CC210400AF1502 /* ArrayExtensions.swift in Sources */ = {isa = PBXBuildFile; fileRef = 93E777C826CC210300AF1502 /* ArrayExtensions.swift */; };
		93E777CD26CC259A00AF1502 /* UIViewControllerExtensions.swift in Sources */ = {isa = PBXBuildFile; fileRef = 93E777CC26CC259A00AF1502 /* UIViewControllerExtensions.swift */; };
		93E777DA26CC27AB00AF1502 /* ErrorLabel.swift in Sources */ = {isa = PBXBuildFile; fileRef = 93E777D926CC27AB00AF1502 /* ErrorLabel.swift */; };
/* End PBXBuildFile section */

/* Begin PBXFileReference section */
		93E7777426CAFEB600AF1502 /* ScorpCase.app */ = {isa = PBXFileReference; explicitFileType = wrapper.application; includeInIndex = 0; path = ScorpCase.app; sourceTree = BUILT_PRODUCTS_DIR; };
		93E7777726CAFEB600AF1502 /* AppDelegate.swift */ = {isa = PBXFileReference; lastKnownFileType = sourcecode.swift; path = AppDelegate.swift; sourceTree = "<group>"; };
		93E7777926CAFEB600AF1502 /* SceneDelegate.swift */ = {isa = PBXFileReference; lastKnownFileType = sourcecode.swift; path = SceneDelegate.swift; sourceTree = "<group>"; };
		93E7777B26CAFEB600AF1502 /* ViewController.swift */ = {isa = PBXFileReference; lastKnownFileType = sourcecode.swift; path = ViewController.swift; sourceTree = "<group>"; };
		93E7777E26CAFEB600AF1502 /* Base */ = {isa = PBXFileReference; lastKnownFileType = file.storyboard; name = Base; path = Base.lproj/Main.storyboard; sourceTree = "<group>"; };
		93E7778026CAFEB800AF1502 /* Assets.xcassets */ = {isa = PBXFileReference; lastKnownFileType = folder.assetcatalog; path = Assets.xcassets; sourceTree = "<group>"; };
		93E7778326CAFEB800AF1502 /* Base */ = {isa = PBXFileReference; lastKnownFileType = file.storyboard; name = Base; path = Base.lproj/LaunchScreen.storyboard; sourceTree = "<group>"; };
		93E7778526CAFEB800AF1502 /* Info.plist */ = {isa = PBXFileReference; lastKnownFileType = text.plist.xml; path = Info.plist; sourceTree = "<group>"; };
		93E777B826CC0E9C00AF1502 /* DataSource.swift */ = {isa = PBXFileReference; fileEncoding = 4; lastKnownFileType = sourcecode.swift; path = DataSource.swift; sourceTree = "<group>"; };
		93E777C826CC210300AF1502 /* ArrayExtensions.swift */ = {isa = PBXFileReference; lastKnownFileType = sourcecode.swift; path = ArrayExtensions.swift; sourceTree = "<group>"; };
		93E777CC26CC259A00AF1502 /* UIViewControllerExtensions.swift */ = {isa = PBXFileReference; lastKnownFileType = sourcecode.swift; path = UIViewControllerExtensions.swift; sourceTree = "<group>"; };
		93E777D926CC27AB00AF1502 /* ErrorLabel.swift */ = {isa = PBXFileReference; lastKnownFileType = sourcecode.swift; path = ErrorLabel.swift; sourceTree = "<group>"; };
/* End PBXFileReference section */

/* Begin PBXFrameworksBuildPhase section */
		93E7777126CAFEB600AF1502 /* Frameworks */ = {
			isa = PBXFrameworksBuildPhase;
			buildActionMask = 2147483647;
			files = (
			);
			runOnlyForDeploymentPostprocessing = 0;
		};
/* End PBXFrameworksBuildPhase section */

/* Begin PBXGroup section */
		93E7776B26CAFEB600AF1502 = {
			isa = PBXGroup;
			children = (
				93E7777626CAFEB600AF1502 /* ScorpCase */,
				93E7777526CAFEB600AF1502 /* Products */,
			);
			sourceTree = "<group>";
		};
		93E7777526CAFEB600AF1502 /* Products */ = {
			isa = PBXGroup;
			children = (
				93E7777426CAFEB600AF1502 /* ScorpCase.app */,
			);
			name = Products;
			sourceTree = "<group>";
		};
		93E7777626CAFEB600AF1502 /* ScorpCase */ = {
			isa = PBXGroup;
			children = (
				93E777AC26CC08CF00AF1502 /* Application */,
				93E777C626CC20D200AF1502 /* Common */,
				93E777BA26CC0EA800AF1502 /* DataSource */,
				93E777D726CC278700AF1502 /* Presentation */,
			);
			path = ScorpCase;
			sourceTree = "<group>";
		};
		93E777AC26CC08CF00AF1502 /* Application */ = {
			isa = PBXGroup;
			children = (
				93E777AD26CC08D900AF1502 /* Delegate */,
			);
			path = Application;
			sourceTree = "<group>";
		};
		93E777AD26CC08D900AF1502 /* Delegate */ = {
			isa = PBXGroup;
			children = (
				93E7777726CAFEB600AF1502 /* AppDelegate.swift */,
				93E7777926CAFEB600AF1502 /* SceneDelegate.swift */,
				93E7777B26CAFEB600AF1502 /* ViewController.swift */,
			);
			path = Delegate;
			sourceTree = "<group>";
		};
				93E7777D26CAFEB600AF1502 /* Main.storyboard */,
				93E7778026CAFEB800AF1502 /* Assets.xcassets */,
				93E7778226CAFEB800AF1502 /* LaunchScreen.storyboard */,
				93E7778526CAFEB800AF1502 /* Info.plist */,
			);
			path = ScorpCase;
		93E777BA26CC0EA800AF1502 /* DataSource */ = {
			isa = PBXGroup;
			children = (
				93E777B826CC0E9C00AF1502 /* DataSource.swift */,
			);
			path = DataSource;
			sourceTree = "<group>";
		};
		93E777C626CC20D200AF1502 /* Common */ = {
			isa = PBXGroup;
			children = (
				93E777C726CC20DC00AF1502 /* Extensions */,
			);
			path = Common;
			sourceTree = "<group>";
		};
		93E777C726CC20DC00AF1502 /* Extensions */ = {
			isa = PBXGroup;
			children = (
				93E777C826CC210300AF1502 /* ArrayExtensions.swift */,
				93E777CC26CC259A00AF1502 /* UIViewControllerExtensions.swift */,
			);
			path = Extensions;
			sourceTree = "<group>";
		};
		93E777D726CC278700AF1502 /* Presentation */ = {
			isa = PBXGroup;
			children = (
				93E777D826CC279400AF1502 /* Controls */,
			);
			path = Presentation;
			sourceTree = "<group>";
		};
		93E777D826CC279400AF1502 /* Controls */ = {
			isa = PBXGroup;
			children = (
				93E777D926CC27AB00AF1502 /* ErrorLabel.swift */,
			);
			path = Controls;
			sourceTree = "<group>";
		};
/* End PBXGroup section */

/* Begin PBXNativeTarget section */
		93E7777326CAFEB600AF1502 /* ScorpCase */ = {
			isa = PBXNativeTarget;
			buildConfigurationList = 93E7778826CAFEB800AF1502 /* Build configuration list for PBXNativeTarget "ScorpCase" */;
			buildPhases = (
				93E7777026CAFEB600AF1502 /* Sources */,
				93E7777126CAFEB600AF1502 /* Frameworks */,
				93E7777226CAFEB600AF1502 /* Resources */,
			);
			buildRules = (
			);
			dependencies = (
			);
			name = ScorpCase;
			productName = ScorpCase;
			productReference = 93E7777426CAFEB600AF1502 /* ScorpCase.app */;
			productType = "com.apple.product-type.application";
		};
/* End PBXNativeTarget section */

/* Begin PBXProject section */
		93E7776C26CAFEB600AF1502 /* Project object */ = {
			isa = PBXProject;
			attributes = {
				LastSwiftUpdateCheck = 1250;
				LastUpgradeCheck = 1250;
				TargetAttributes = {
					93E7777326CAFEB600AF1502 = {
						CreatedOnToolsVersion = 12.5;
					};
				};
			};
			buildConfigurationList = 93E7776F26CAFEB600AF1502 /* Build configuration list for PBXProject "ScorpCase" */;
			compatibilityVersion = "Xcode 9.3";
			developmentRegion = en;
			hasScannedForEncodings = 0;
			knownRegions = (
				en,
				Base,
			);
			mainGroup = 93E7776B26CAFEB600AF1502;
			productRefGroup = 93E7777526CAFEB600AF1502 /* Products */;
			projectDirPath = "";
			projectRoot = "";
			targets = (
				93E7777326CAFEB600AF1502 /* ScorpCase */,
			);
		};
/* End PBXProject section */

/* Begin PBXResourcesBuildPhase section */
		93E7777226CAFEB600AF1502 /* Resources */ = {
			isa = PBXResourcesBuildPhase;
			buildActionMask = 2147483647;
			files = (
				93E7778426CAFEB800AF1502 /* LaunchScreen.storyboard in Resources */,
				93E7778126CAFEB800AF1502 /* Assets.xcassets in Resources */,
				93E7777F26CAFEB600AF1502 /* Main.storyboard in Resources */,
			);
			runOnlyForDeploymentPostprocessing = 0;
		};
/* End PBXResourcesBuildPhase section */

/* Begin PBXSourcesBuildPhase section */
		93E7777026CAFEB600AF1502 /* Sources */ = {
			isa = PBXSourcesBuildPhase;
			buildActionMask = 2147483647;
			files = (
				93E7777C26CAFEB600AF1502 /* ViewController.swift in Sources */,
				93E7777826CAFEB600AF1502 /* AppDelegate.swift in Sources */,
				93E777DA26CC27AB00AF1502 /* ErrorLabel.swift in Sources */,
				93E777CD26CC259A00AF1502 /* UIViewControllerExtensions.swift in Sources */,
				93E777B926CC0E9C00AF1502 /* DataSource.swift in Sources */,
				93E7777A26CAFEB600AF1502 /* SceneDelegate.swift in Sources */,
				93E777C926CC210400AF1502 /* ArrayExtensions.swift in Sources */,
			);
			runOnlyForDeploymentPostprocessing = 0;
		};
/* End PBXSourcesBuildPhase section */

/* Begin PBXVariantGroup section */
		93E7777D26CAFEB600AF1502 /* Main.storyboard */ = {
			isa = PBXVariantGroup;
			children = (
				93E7777E26CAFEB600AF1502 /* Base */,
			);
			name = Main.storyboard;
			sourceTree = "<group>";
		};
		93E7778226CAFEB800AF1502 /* LaunchScreen.storyboard */ = {
			isa = PBXVariantGroup;
			children = (
				93E7778326CAFEB800AF1502 /* Base */,
			);
			name = LaunchScreen.storyboard;
			sourceTree = "<group>";
		};
/* End PBXVariantGroup section */

/* Begin XCBuildConfiguration section */
		93E7778626CAFEB800AF1502 /* Debug */ = {
			isa = XCBuildConfiguration;
			buildSettings = {
				ALWAYS_SEARCH_USER_PATHS = NO;
				CLANG_ANALYZER_NONNULL = YES;
				CLANG_ANALYZER_NUMBER_OBJECT_CONVERSION = YES_AGGRESSIVE;
				CLANG_CXX_LANGUAGE_STANDARD = "gnu++14";
				CLANG_CXX_LIBRARY = "libc++";
				CLANG_ENABLE_MODULES = YES;
				CLANG_ENABLE_OBJC_ARC = YES;
				CLANG_ENABLE_OBJC_WEAK = YES;
				CLANG_WARN_BLOCK_CAPTURE_AUTORELEASING = YES;
				CLANG_WARN_BOOL_CONVERSION = YES;
				CLANG_WARN_COMMA = YES;
				CLANG_WARN_CONSTANT_CONVERSION = YES;
				CLANG_WARN_DEPRECATED_OBJC_IMPLEMENTATIONS = YES;
				CLANG_WARN_DIRECT_OBJC_ISA_USAGE = YES_ERROR;
				CLANG_WARN_DOCUMENTATION_COMMENTS = YES;
				CLANG_WARN_EMPTY_BODY = YES;
				CLANG_WARN_ENUM_CONVERSION = YES;
				CLANG_WARN_INFINITE_RECURSION = YES;
				CLANG_WARN_INT_CONVERSION = YES;
				CLANG_WARN_NON_LITERAL_NULL_CONVERSION = YES;
				CLANG_WARN_OBJC_IMPLICIT_RETAIN_SELF = YES;
				CLANG_WARN_OBJC_LITERAL_CONVERSION = YES;
				CLANG_WARN_OBJC_ROOT_CLASS = YES_ERROR;
				CLANG_WARN_QUOTED_INCLUDE_IN_FRAMEWORK_HEADER = YES;
				CLANG_WARN_RANGE_LOOP_ANALYSIS = YES;
				CLANG_WARN_STRICT_PROTOTYPES = YES;
				CLANG_WARN_SUSPICIOUS_MOVE = YES;
				CLANG_WARN_UNGUARDED_AVAILABILITY = YES_AGGRESSIVE;
				CLANG_WARN_UNREACHABLE_CODE = YES;
				CLANG_WARN__DUPLICATE_METHOD_MATCH = YES;
				COPY_PHASE_STRIP = NO;
				DEBUG_INFORMATION_FORMAT = dwarf;
				ENABLE_STRICT_OBJC_MSGSEND = YES;
				ENABLE_TESTABILITY = YES;
				GCC_C_LANGUAGE_STANDARD = gnu11;
				GCC_DYNAMIC_NO_PIC = NO;
				GCC_NO_COMMON_BLOCKS = YES;
				GCC_OPTIMIZATION_LEVEL = 0;
				GCC_PREPROCESSOR_DEFINITIONS = (
					"DEBUG=1",
					"$(inherited)",
				);
				GCC_WARN_64_TO_32_BIT_CONVERSION = YES;
				GCC_WARN_ABOUT_RETURN_TYPE = YES_ERROR;
				GCC_WARN_UNDECLARED_SELECTOR = YES;
				GCC_WARN_UNINITIALIZED_AUTOS = YES_AGGRESSIVE;
				GCC_WARN_UNUSED_FUNCTION = YES;
				GCC_WARN_UNUSED_VARIABLE = YES;
				IPHONEOS_DEPLOYMENT_TARGET = 14.5;
				MTL_ENABLE_DEBUG_INFO = INCLUDE_SOURCE;
				MTL_FAST_MATH = YES;
				ONLY_ACTIVE_ARCH = YES;
				SDKROOT = iphoneos;
				SWIFT_ACTIVE_COMPILATION_CONDITIONS = DEBUG;
				SWIFT_OPTIMIZATION_LEVEL = "-Onone";
			};
			name = Debug;
		};
		93E7778726CAFEB800AF1502 /* Release */ = {
			isa = XCBuildConfiguration;
			buildSettings = {
				ALWAYS_SEARCH_USER_PATHS = NO;
				CLANG_ANALYZER_NONNULL = YES;
				CLANG_ANALYZER_NUMBER_OBJECT_CONVERSION = YES_AGGRESSIVE;
				CLANG_CXX_LANGUAGE_STANDARD = "gnu++14";
				CLANG_CXX_LIBRARY = "libc++";
				CLANG_ENABLE_MODULES = YES;
				CLANG_ENABLE_OBJC_ARC = YES;
				CLANG_ENABLE_OBJC_WEAK = YES;
				CLANG_WARN_BLOCK_CAPTURE_AUTORELEASING = YES;
				CLANG_WARN_BOOL_CONVERSION = YES;
				CLANG_WARN_COMMA = YES;
				CLANG_WARN_CONSTANT_CONVERSION = YES;
				CLANG_WARN_DEPRECATED_OBJC_IMPLEMENTATIONS = YES;
				CLANG_WARN_DIRECT_OBJC_ISA_USAGE = YES_ERROR;
				CLANG_WARN_DOCUMENTATION_COMMENTS = YES;
				CLANG_WARN_EMPTY_BODY = YES;
				CLANG_WARN_ENUM_CONVERSION = YES;
				CLANG_WARN_INFINITE_RECURSION = YES;
				CLANG_WARN_INT_CONVERSION = YES;
				CLANG_WARN_NON_LITERAL_NULL_CONVERSION = YES;
				CLANG_WARN_OBJC_IMPLICIT_RETAIN_SELF = YES;
				CLANG_WARN_OBJC_LITERAL_CONVERSION = YES;
				CLANG_WARN_OBJC_ROOT_CLASS = YES_ERROR;
				CLANG_WARN_QUOTED_INCLUDE_IN_FRAMEWORK_HEADER = YES;
				CLANG_WARN_RANGE_LOOP_ANALYSIS = YES;
				CLANG_WARN_STRICT_PROTOTYPES = YES;
				CLANG_WARN_SUSPICIOUS_MOVE = YES;
				CLANG_WARN_UNGUARDED_AVAILABILITY = YES_AGGRESSIVE;
				CLANG_WARN_UNREACHABLE_CODE = YES;
				CLANG_WARN__DUPLICATE_METHOD_MATCH = YES;
				COPY_PHASE_STRIP = NO;
				DEBUG_INFORMATION_FORMAT = "dwarf-with-dsym";
				ENABLE_NS_ASSERTIONS = NO;
				ENABLE_STRICT_OBJC_MSGSEND = YES;
				GCC_C_LANGUAGE_STANDARD = gnu11;
				GCC_NO_COMMON_BLOCKS = YES;
				GCC_WARN_64_TO_32_BIT_CONVERSION = YES;
				GCC_WARN_ABOUT_RETURN_TYPE = YES_ERROR;
				GCC_WARN_UNDECLARED_SELECTOR = YES;
				GCC_WARN_UNINITIALIZED_AUTOS = YES_AGGRESSIVE;
				GCC_WARN_UNUSED_FUNCTION = YES;
				GCC_WARN_UNUSED_VARIABLE = YES;
				IPHONEOS_DEPLOYMENT_TARGET = 14.5;
				MTL_ENABLE_DEBUG_INFO = NO;
				MTL_FAST_MATH = YES;
				SDKROOT = iphoneos;
				SWIFT_COMPILATION_MODE = wholemodule;
				SWIFT_OPTIMIZATION_LEVEL = "-O";
				VALIDATE_PRODUCT = YES;
			};
			name = Release;
		};
		93E7778926CAFEB800AF1502 /* Debug */ = {
			isa = XCBuildConfiguration;
			buildSettings = {
				ASSETCATALOG_COMPILER_APPICON_NAME = AppIcon;
				ASSETCATALOG_COMPILER_GLOBAL_ACCENT_COLOR_NAME = AccentColor;
				CODE_SIGN_STYLE = Automatic;
				DEVELOPMENT_TEAM = A9ZTFRX9B5;
				INFOPLIST_FILE = ScorpCase/Info.plist;
				LD_RUNPATH_SEARCH_PATHS = (
					"$(inherited)",
					"@executable_path/Frameworks",
				);
				PRODUCT_BUNDLE_IDENTIFIER = com.buyukerEmre.ScorpCase;
				PRODUCT_NAME = "$(TARGET_NAME)";
				SWIFT_VERSION = 5.0;
				TARGETED_DEVICE_FAMILY = "1,2";
			};
			name = Debug;
		};
		93E7778A26CAFEB800AF1502 /* Release */ = {
			isa = XCBuildConfiguration;
			buildSettings = {
				ASSETCATALOG_COMPILER_APPICON_NAME = AppIcon;
				ASSETCATALOG_COMPILER_GLOBAL_ACCENT_COLOR_NAME = AccentColor;
				CODE_SIGN_STYLE = Automatic;
				DEVELOPMENT_TEAM = A9ZTFRX9B5;
				INFOPLIST_FILE = ScorpCase/Info.plist;
				LD_RUNPATH_SEARCH_PATHS = (
					"$(inherited)",
					"@executable_path/Frameworks",
				);
				PRODUCT_BUNDLE_IDENTIFIER = com.buyukerEmre.ScorpCase;
				PRODUCT_NAME = "$(TARGET_NAME)";
				SWIFT_VERSION = 5.0;
				TARGETED_DEVICE_FAMILY = "1,2";
			};
			name = Release;
		};
/* End XCBuildConfiguration section */

/* Begin XCConfigurationList section */
		93E7776F26CAFEB600AF1502 /* Build configuration list for PBXProject "ScorpCase" */ = {
			isa = XCConfigurationList;
			buildConfigurations = (
				93E7778626CAFEB800AF1502 /* Debug */,
				93E7778726CAFEB800AF1502 /* Release */,
			);
			defaultConfigurationIsVisible = 0;
			defaultConfigurationName = Release;
		};
		93E7778826CAFEB800AF1502 /* Build configuration list for PBXNativeTarget "ScorpCase" */ = {
			isa = XCConfigurationList;
			buildConfigurations = (
				93E7778926CAFEB800AF1502 /* Debug */,
				93E7778A26CAFEB800AF1502 /* Release */,
			);
			defaultConfigurationIsVisible = 0;
			defaultConfigurationName = Release;
		};
/* End XCConfigurationList section */
	};
	rootObject = 93E7776C26CAFEB600AF1502 /* Project object */;
}
